
Microsoft Visual Studio Solution File, Format Version 12.00
# Visual Studio Version 17
VisualStudioVersion = 17.4.33205.214
MinimumVisualStudioVersion = 10.0.40219.1
Project("{FAE04EC0-301F-11D3-BF4B-00C04F79EFBC}") = "OD_arrays_pract3", "OD_arrays_pract3.csproj", "{279B7A56-0BF6-45B3-BEB8-97BCC51E52FD}"
EndProject
Global
	GlobalSection(SolutionConfigurationPlatforms) = preSolution
		Debug|Any CPU = Debug|Any CPU
		Release|Any CPU = Release|Any CPU
	EndGlobalSection
	GlobalSection(ProjectConfigurationPlatforms) = postSolution
		{279B7A56-0BF6-45B3-BEB8-97BCC51E52FD}.Debug|Any CPU.ActiveCfg = Debug|Any CPU
		{279B7A56-0BF6-45B3-BEB8-97BCC51E52FD}.Debug|Any CPU.Build.0 = Debug|Any CPU
		{279B7A56-0BF6-45B3-BEB8-97BCC51E52FD}.Release|Any CPU.ActiveCfg = Release|Any CPU
		{279B7A56-0BF6-45B3-BEB8-97BCC51E52FD}.Release|Any CPU.Build.0 = Release|Any CPU
	EndGlobalSection
	GlobalSection(SolutionProperties) = preSolution
		HideSolutionNode = FALSE
	EndGlobalSection
	GlobalSection(ExtensibilityGlobals) = postSolution
		SolutionGuid = {76095588-B014-4FAB-910B-82E9F455AFB2}
	EndGlobalSection
EndGlobal
